
Microsoft Visual Studio Solution File, Format Version 12.00
# Visual Studio Version 16
VisualStudioVersion = 16.0.30406.217
MinimumVisualStudioVersion = 10.0.40219.1
Project("{9A19103F-16F7-4668-BE54-9A1E7A4F7556}") = "SignalRClient", "SignalRClient\SignalRClient.csproj", "{0B1FB0A3-161C-48F8-881B-631020879EA8}"
EndProject
Project("{9A19103F-16F7-4668-BE54-9A1E7A4F7556}") = "SignalRServer", "SignalRServer\SignalRServer.csproj", "{C111A324-853A-4D77-880F-7311276398D6}"
EndProject
Global
	GlobalSection(SolutionConfigurationPlatforms) = preSolution
		Debug|Any CPU = Debug|Any CPU
		Release|Any CPU = Release|Any CPU
	EndGlobalSection
	GlobalSection(ProjectConfigurationPlatforms) = postSolution
		{0B1FB0A3-161C-48F8-881B-631020879EA8}.Debug|Any CPU.ActiveCfg = Debug|Any CPU
		{0B1FB0A3-161C-48F8-881B-631020879EA8}.Debug|Any CPU.Build.0 = Debug|Any CPU
		{0B1FB0A3-161C-48F8-881B-631020879EA8}.Release|Any CPU.ActiveCfg = Release|Any CPU
		{0B1FB0A3-161C-48F8-881B-631020879EA8}.Release|Any CPU.Build.0 = Release|Any CPU
		{C111A324-853A-4D77-880F-7311276398D6}.Debug|Any CPU.ActiveCfg = Debug|Any CPU
		{C111A324-853A-4D77-880F-7311276398D6}.Debug|Any CPU.Build.0 = Debug|Any CPU
		{C111A324-853A-4D77-880F-7311276398D6}.Release|Any CPU.ActiveCfg = Release|Any CPU
		{C111A324-853A-4D77-880F-7311276398D6}.Release|Any CPU.Build.0 = Release|Any CPU
	EndGlobalSection
	GlobalSection(SolutionProperties) = preSolution
		HideSolutionNode = FALSE
	EndGlobalSection
	GlobalSection(ExtensibilityGlobals) = postSolution
		SolutionGuid = {659580B7-7C77-4E5D-8EC9-344BD73FF798}
	EndGlobalSection
EndGlobal
